// !$*UTF8*$!
{
	archiveVersion = 1;
	classes = {
	};
	objectVersion = 50;
	objects = {

/* Begin PBXBuildFile section */
		9FF5137A22022F01007F4FE9 /* AppDelegate.swift in Sources */ = {isa = PBXBuildFile; fileRef = 9FF5137922022F01007F4FE9 /* AppDelegate.swift */; };
		9FF5137C22022F01007F4FE9 /* ViewController.swift in Sources */ = {isa = PBXBuildFile; fileRef = 9FF5137B22022F01007F4FE9 /* ViewController.swift */; };
		9FF5138122022F02007F4FE9 /* Assets.xcassets in Resources */ = {isa = PBXBuildFile; fileRef = 9FF5138022022F02007F4FE9 /* Assets.xcassets */; };
		9FF5138422022F02007F4FE9 /* LaunchScreen.storyboard in Resources */ = {isa = PBXBuildFile; fileRef = 9FF5138222022F02007F4FE9 /* LaunchScreen.storyboard */; };
		9FF5138D22022F32007F4FE9 /* Beers.swift in Sources */ = {isa = PBXBuildFile; fileRef = 9FF5138C22022F32007F4FE9 /* Beers.swift */; };
/* End PBXBuildFile section */

/* Begin PBXFileReference section */
		9FF5137622022F01007F4FE9 /* SweetWaterAnimation.app */ = {isa = PBXFileReference; explicitFileType = wrapper.application; includeInIndex = 0; path = SweetWaterAnimation.app; sourceTree = BUILT_PRODUCTS_DIR; };
		9FF5137922022F01007F4FE9 /* AppDelegate.swift */ = {isa = PBXFileReference; lastKnownFileType = sourcecode.swift; path = AppDelegate.swift; sourceTree = "<group>"; };
		9FF5137B22022F01007F4FE9 /* ViewController.swift */ = {isa = PBXFileReference; lastKnownFileType = sourcecode.swift; path = ViewController.swift; sourceTree = "<group>"; };
		9FF5138022022F02007F4FE9 /* Assets.xcassets */ = {isa = PBXFileReference; lastKnownFileType = folder.assetcatalog; path = Assets.xcassets; sourceTree = "<group>"; };
		9FF5138322022F02007F4FE9 /* Base */ = {isa = PBXFileReference; lastKnownFileType = file.storyboard; name = Base; path = Base.lproj/LaunchScreen.storyboard; sourceTree = "<group>"; };
		9FF5138522022F02007F4FE9 /* Info.plist */ = {isa = PBXFileReference; lastKnownFileType = text.plist.xml; path = Info.plist; sourceTree = "<group>"; };
		9FF5138C22022F32007F4FE9 /* Beers.swift */ = {isa = PBXFileReference; lastKnownFileType = sourcecode.swift; path = Beers.swift; sourceTree = "<group>"; };
/* End PBXFileReference section */

/* Begin PBXFrameworksBuildPhase section */
		9FF5137322022F01007F4FE9 /* Frameworks */ = {
			isa = PBXFrameworksBuildPhase;
			buildActionMask = 2147483647;
			files = (
			);
			runOnlyForDeploymentPostprocessing = 0;
		};
/* End PBXFrameworksBuildPhase section */

/* Begin PBXGroup section */
		9FF5136D22022F01007F4FE9 = {
			isa = PBXGroup;
			children = (
				9FF5137822022F01007F4FE9 /* SweetWaterAnimation */,
				9FF5137722022F01007F4FE9 /* Products */,
			);
			sourceTree = "<group>";
		};
		9FF5137722022F01007F4FE9 /* Products */ = {
			isa = PBXGroup;
			children = (
				9FF5137622022F01007F4FE9 /* SweetWaterAnimation.app */,
			);
			name = Products;
			sourceTree = "<group>";
		};
		9FF5137822022F01007F4FE9 /* SweetWaterAnimation */ = {
			isa = PBXGroup;
			children = (
				9FF5138B22022F1D007F4FE9 /* Model */,
				9FF5138E22032C87007F4FE9 /* View */,
				9FF5138F22032C8D007F4FE9 /* Controller */,
				9FF5139022032CAC007F4FE9 /* SupportingFiles */,
			);
			path = SweetWaterAnimation;
			sourceTree = "<group>";
		};
		9FF5138B22022F1D007F4FE9 /* Model */ = {
			isa = PBXGroup;
			children = (
				9FF5138C22022F32007F4FE9 /* Beers.swift */,
			);
			path = Model;
			sourceTree = "<group>";
		};
		9FF5138E22032C87007F4FE9 /* View */ = {
			isa = PBXGroup;
			children = (
			);
			path = View;
			sourceTree = "<group>";
		};
		9FF5138F22032C8D007F4FE9 /* Controller */ = {
			isa = PBXGroup;
			children = (
				9FF5137B22022F01007F4FE9 /* ViewController.swift */,
			);
			path = Controller;
			sourceTree = "<group>";
		};
		9FF5139022032CAC007F4FE9 /* SupportingFiles */ = {
			isa = PBXGroup;
			children = (
				9FF5137922022F01007F4FE9 /* AppDelegate.swift */,
				9FF5138022022F02007F4FE9 /* Assets.xcassets */,
				9FF5138222022F02007F4FE9 /* LaunchScreen.storyboard */,
				9FF5138522022F02007F4FE9 /* Info.plist */,
			);
			name = SupportingFiles;
			sourceTree = "<group>";
		};
/* End PBXGroup section */

/* Begin PBXNativeTarget section */
		9FF5137522022F01007F4FE9 /* SweetWaterAnimation */ = {
			isa = PBXNativeTarget;
			buildConfigurationList = 9FF5138822022F02007F4FE9 /* Build configuration list for PBXNativeTarget "SweetWaterAnimation" */;
			buildPhases = (
				9FF5137222022F01007F4FE9 /* Sources */,
				9FF5137322022F01007F4FE9 /* Frameworks */,
				9FF5137422022F01007F4FE9 /* Resources */,
			);
			buildRules = (
			);
			dependencies = (
			);
			name = SweetWaterAnimation;
			productName = SweetWaterAnimation;
			productReference = 9FF5137622022F01007F4FE9 /* SweetWaterAnimation.app */;
			productType = "com.apple.product-type.application";
		};
/* End PBXNativeTarget section */

/* Begin PBXProject section */
		9FF5136E22022F01007F4FE9 /* Project object */ = {
			isa = PBXProject;
			attributes = {
				LastSwiftUpdateCheck = 1010;
				LastUpgradeCheck = 1010;
				ORGANIZATIONNAME = "Codeine Technologies LLC.";
				TargetAttributes = {
					9FF5137522022F01007F4FE9 = {
						CreatedOnToolsVersion = 10.1;
					};
				};
			};
			buildConfigurationList = 9FF5137122022F01007F4FE9 /* Build configuration list for PBXProject "SweetWaterAnimation" */;
			compatibilityVersion = "Xcode 9.3";
			developmentRegion = en;
			hasScannedForEncodings = 0;
			knownRegions = (
				en,
				Base,
			);
			mainGroup = 9FF5136D22022F01007F4FE9;
			productRefGroup = 9FF5137722022F01007F4FE9 /* Products */;
			projectDirPath = "";
			projectRoot = "";
			targets = (
				9FF5137522022F01007F4FE9 /* SweetWaterAnimation */,
			);
		};
/* End PBXProject section */

/* Begin PBXResourcesBuildPhase section */
		9FF5137422022F01007F4FE9 /* Resources */ = {
			isa = PBXResourcesBuildPhase;
			buildActionMask = 2147483647;
			files = (
				9FF5138422022F02007F4FE9 /* LaunchScreen.storyboard in Resources */,
				9FF5138122022F02007F4FE9 /* Assets.xcassets in Resources */,
			);
			runOnlyForDeploymentPostprocessing = 0;
		};
/* End PBXResourcesBuildPhase section */

/* Begin PBXSourcesBuildPhase section */
		9FF5137222022F01007F4FE9 /* Sources */ = {
			isa = PBXSourcesBuildPhase;
			buildActionMask = 2147483647;
			files = (
				9FF5137C22022F01007F4FE9 /* ViewController.swift in Sources */,
				9FF5138D22022F32007F4FE9 /* Beers.swift in Sources */,
				9FF5137A22022F01007F4FE9 /* AppDelegate.swift in Sources */,
			);
			runOnlyForDeploymentPostprocessing = 0;
		};
/* End PBXSourcesBuildPhase section */

/* Begin PBXVariantGroup section */
		9FF5138222022F02007F4FE9 /* LaunchScreen.storyboard */ = {
			isa = PBXVariantGroup;
			children = (
				9FF5138322022F02007F4FE9 /* Base */,
			);
			name = LaunchScreen.storyboard;
			sourceTree = "<group>";
		};
/* End PBXVariantGroup section */

/* Begin XCBuildConfiguration section */
		9FF5138622022F02007F4FE9 /* Debug */ = {
			isa = XCBuildConfiguration;
			buildSettings = {
				ALWAYS_SEARCH_USER_PATHS = NO;
				CLANG_ANALYZER_NONNULL = YES;
				CLANG_ANALYZER_NUMBER_OBJECT_CONVERSION = YES_AGGRESSIVE;
				CLANG_CXX_LANGUAGE_STANDARD = "gnu++14";
				CLANG_CXX_LIBRARY = "libc++";
				CLANG_ENABLE_MODULES = YES;
				CLANG_ENABLE_OBJC_ARC = YES;
				CLANG_ENABLE_OBJC_WEAK = YES;
				CLANG_WARN_BLOCK_CAPTURE_AUTORELEASING = YES;
				CLANG_WARN_BOOL_CONVERSION = YES;
				CLANG_WARN_COMMA = YES;
				CLANG_WARN_CONSTANT_CONVERSION = YES;
				CLANG_WARN_DEPRECATED_OBJC_IMPLEMENTATIONS = YES;
				CLANG_WARN_DIRECT_OBJC_ISA_USAGE = YES_ERROR;
				CLANG_WARN_DOCUMENTATION_COMMENTS = YES;
				CLANG_WARN_EMPTY_BODY = YES;
				CLANG_WARN_ENUM_CONVERSION = YES;
				CLANG_WARN_INFINITE_RECURSION = YES;
				CLANG_WARN_INT_CONVERSION = YES;
				CLANG_WARN_NON_LITERAL_NULL_CONVERSION = YES;
				CLANG_WARN_OBJC_IMPLICIT_RETAIN_SELF = YES;
				CLANG_WARN_OBJC_LITERAL_CONVERSION = YES;
				CLANG_WARN_OBJC_ROOT_CLASS = YES_ERROR;
				CLANG_WARN_RANGE_LOOP_ANALYSIS = YES;
				CLANG_WARN_STRICT_PROTOTYPES = YES;
				CLANG_WARN_SUSPICIOUS_MOVE = YES;
				CLANG_WARN_UNGUARDED_AVAILABILITY = YES_AGGRESSIVE;
				CLANG_WARN_UNREACHABLE_CODE = YES;
				CLANG_WARN__DUPLICATE_METHOD_MATCH = YES;
				CODE_SIGN_IDENTITY = "iPhone Developer";
				COPY_PHASE_STRIP = NO;
				DEBUG_INFORMATION_FORMAT = dwarf;
				ENABLE_STRICT_OBJC_MSGSEND = YES;
				ENABLE_TESTABILITY = YES;
				GCC_C_LANGUAGE_STANDARD = gnu11;
				GCC_DYNAMIC_NO_PIC = NO;
				GCC_NO_COMMON_BLOCKS = YES;
				GCC_OPTIMIZATION_LEVEL = 0;
				GCC_PREPROCESSOR_DEFINITIONS = (
					"DEBUG=1",
					"$(inherited)",
				);
				GCC_WARN_64_TO_32_BIT_CONVERSION = YES;
				GCC_WARN_ABOUT_RETURN_TYPE = YES_ERROR;
				GCC_WARN_UNDECLARED_SELECTOR = YES;
				GCC_WARN_UNINITIALIZED_AUTOS = YES_AGGRESSIVE;
				GCC_WARN_UNUSED_FUNCTION = YES;
				GCC_WARN_UNUSED_VARIABLE = YES;
				IPHONEOS_DEPLOYMENT_TARGET = 12.1;
				MTL_ENABLE_DEBUG_INFO = INCLUDE_SOURCE;
				MTL_FAST_MATH = YES;
				ONLY_ACTIVE_ARCH = YES;
				SDKROOT = iphoneos;
				SWIFT_ACTIVE_COMPILATION_CONDITIONS = DEBUG;
				SWIFT_OPTIMIZATION_LEVEL = "-Onone";
			};
			name = Debug;
		};
		9FF5138722022F02007F4FE9 /* Release */ = {
			isa = XCBuildConfiguration;
			buildSettings = {
				ALWAYS_SEARCH_USER_PATHS = NO;
				CLANG_ANALYZER_NONNULL = YES;
				CLANG_ANALYZER_NUMBER_OBJECT_CONVERSION = YES_AGGRESSIVE;
				CLANG_CXX_LANGUAGE_STANDARD = "gnu++14";
				CLANG_CXX_LIBRARY = "libc++";
				CLANG_ENABLE_MODULES = YES;
				CLANG_ENABLE_OBJC_ARC = YES;
				CLANG_ENABLE_OBJC_WEAK = YES;
				CLANG_WARN_BLOCK_CAPTURE_AUTORELEASING = YES;
				CLANG_WARN_BOOL_CONVERSION = YES;
				CLANG_WARN_COMMA = YES;
				CLANG_WARN_CONSTANT_CONVERSION = YES;
				CLANG_WARN_DEPRECATED_OBJC_IMPLEMENTATIONS = YES;
				CLANG_WARN_DIRECT_OBJC_ISA_USAGE = YES_ERROR;
				CLANG_WARN_DOCUMENTATION_COMMENTS = YES;
				CLANG_WARN_EMPTY_BODY = YES;
				CLANG_WARN_ENUM_CONVERSION = YES;
				CLANG_WARN_INFINITE_RECURSION = YES;
				CLANG_WARN_INT_CONVERSION = YES;
				CLANG_WARN_NON_LITERAL_NULL_CONVERSION = YES;
				CLANG_WARN_OBJC_IMPLICIT_RETAIN_SELF = YES;
				CLANG_WARN_OBJC_LITERAL_CONVERSION = YES;
				CLANG_WARN_OBJC_ROOT_CLASS = YES_ERROR;
				CLANG_WARN_RANGE_LOOP_ANALYSIS = YES;
				CLANG_WARN_STRICT_PROTOTYPES = YES;
				CLANG_WARN_SUSPICIOUS_MOVE = YES;
				CLANG_WARN_UNGUARDED_AVAILABILITY = YES_AGGRESSIVE;
				CLANG_WARN_UNREACHABLE_CODE = YES;
				CLANG_WARN__DUPLICATE_METHOD_MATCH = YES;
				CODE_SIGN_IDENTITY = "iPhone Developer";
				COPY_PHASE_STRIP = NO;
				DEBUG_INFORMATION_FORMAT = "dwarf-with-dsym";
				ENABLE_NS_ASSERTIONS = NO;
				ENABLE_STRICT_OBJC_MSGSEND = YES;
				GCC_C_LANGUAGE_STANDARD = gnu11;
				GCC_NO_COMMON_BLOCKS = YES;
				GCC_WARN_64_TO_32_BIT_CONVERSION = YES;
				GCC_WARN_ABOUT_RETURN_TYPE = YES_ERROR;
				GCC_WARN_UNDECLARED_SELECTOR = YES;
				GCC_WARN_UNINITIALIZED_AUTOS = YES_AGGRESSIVE;
				GCC_WARN_UNUSED_FUNCTION = YES;
				GCC_WARN_UNUSED_VARIABLE = YES;
				IPHONEOS_DEPLOYMENT_TARGET = 12.1;
				MTL_ENABLE_DEBUG_INFO = NO;
				MTL_FAST_MATH = YES;
				SDKROOT = iphoneos;
				SWIFT_COMPILATION_MODE = wholemodule;
				SWIFT_OPTIMIZATION_LEVEL = "-O";
				VALIDATE_PRODUCT = YES;
			};
			name = Release;
		};
		9FF5138922022F02007F4FE9 /* Debug */ = {
			isa = XCBuildConfiguration;
			buildSettings = {
				ASSETCATALOG_COMPILER_APPICON_NAME = AppIcon;
				CODE_SIGN_STYLE = Automatic;
				DEVELOPMENT_TEAM = HZQ3ZGBLE6;
				INFOPLIST_FILE = SweetWaterAnimation/Info.plist;
				LD_RUNPATH_SEARCH_PATHS = (
					"$(inherited)",
					"@executable_path/Frameworks",
				);
				PRODUCT_BUNDLE_IDENTIFIER = com.codeinetech.SweetWaterAnimation;
				PRODUCT_NAME = "$(TARGET_NAME)";
				SWIFT_VERSION = 4.2;
				TARGETED_DEVICE_FAMILY = "1,2";
			};
			name = Debug;
		};
		9FF5138A22022F02007F4FE9 /* Release */ = {
			isa = XCBuildConfiguration;
			buildSettings = {
				ASSETCATALOG_COMPILER_APPICON_NAME = AppIcon;
				CODE_SIGN_STYLE = Automatic;
				DEVELOPMENT_TEAM = HZQ3ZGBLE6;
				INFOPLIST_FILE = SweetWaterAnimation/Info.plist;
				LD_RUNPATH_SEARCH_PATHS = (
					"$(inherited)",
					"@executable_path/Frameworks",
				);
				PRODUCT_BUNDLE_IDENTIFIER = com.codeinetech.SweetWaterAnimation;
				PRODUCT_NAME = "$(TARGET_NAME)";
				SWIFT_VERSION = 4.2;
				TARGETED_DEVICE_FAMILY = "1,2";
			};
			name = Release;
		};
/* End XCBuildConfiguration section */

/* Begin XCConfigurationList section */
		9FF5137122022F01007F4FE9 /* Build configuration list for PBXProject "SweetWaterAnimation" */ = {
			isa = XCConfigurationList;
			buildConfigurations = (
				9FF5138622022F02007F4FE9 /* Debug */,
				9FF5138722022F02007F4FE9 /* Release */,
			);
			defaultConfigurationIsVisible = 0;
			defaultConfigurationName = Release;
		};
		9FF5138822022F02007F4FE9 /* Build configuration list for PBXNativeTarget "SweetWaterAnimation" */ = {
			isa = XCConfigurationList;
			buildConfigurations = (
				9FF5138922022F02007F4FE9 /* Debug */,
				9FF5138A22022F02007F4FE9 /* Release */,
			);
			defaultConfigurationIsVisible = 0;
			defaultConfigurationName = Release;
		};
/* End XCConfigurationList section */
	};
	rootObject = 9FF5136E22022F01007F4FE9 /* Project object */;
}
